{
  "nodes": {
    "bun2nix": {
      "inputs": {
        "flake-parts": "flake-parts",
        "nixpkgs": [
          "nixpkgs"
        ],
        "systems": "systems",
        "treefmt-nix": "treefmt-nix"
      },
      "locked": {
        "lastModified": 1778446047,
        "narHash": "sha256-oQvcadh2BCkrog+SGrG6YffKJrveYpjj3TdQJWaKhaM=",
        "owner": "nix-community",
        "repo": "bun2nix",
        "rev": "f2bc12af1a6369648aac41041ceeaa0b866599c6",
        "type": "github"
      },
      "original": {
        "owner": "nix-community",
        "repo": "bun2nix",
        "type": "github"
      }
    },
    "flake-compat": {
      "flake": false,
      "locked": {
        "lastModified": 1767039857,
        "narHash": "sha256-vNpUSpF5Nuw8xvDLj2KCwwksIbjua2LZCqhV1LNRDns=",
        "owner": "NixOS",
        "repo": "flake-compat",
        "rev": "5edf11c44bc78a0d334f6334cdaf7d60d732daab",
        "type": "github"
      },
      "original": {
        "owner": "NixOS",
        "repo": "flake-compat",
        "type": "github"
      }
    },
    "flake-parts": {
      "inputs": {
        "nixpkgs-lib": [
          "bun2nix",
          "nixpkgs"
        ]
      },
      "locked": {
        "lastModified": 1777988971,
        "narHash": "sha256-qIoWPDs+0/8JecyYgE3gpKQxW/4bLW/gp45vow9ioCQ=",
        "owner": "hercules-ci",
        "repo": "flake-parts",
        "rev": "0678d8986be1661af6bb555f3489f2fdfc31f6ff",
        "type": "github"
      },
      "original": {
        "owner": "hercules-ci",
        "repo": "flake-parts",
        "type": "github"
      }
    },
    "flakeParts": {
      "inputs": {
        "nixpkgs-lib": "nixpkgs-lib"
      },
      "locked": {
        "lastModified": 1778716662,
        "narHash": "sha256-m1Yf0wZ8j1OHjTc2UwHwyQRSnNeSgLJOd7q5Y45hzi4=",
        "owner": "hercules-ci",
        "repo": "flake-parts",
        "rev": "f7c1a2d347e4c52d5fb8d10cb4d94b5884e546fb",
        "type": "github"
      },
      "original": {
        "owner": "hercules-ci",
        "repo": "flake-parts",
        "type": "github"
      }
    },
    "gitHooksNix": {
      "inputs": {
        "flake-compat": "flake-compat",
        "gitignore": "gitignore",
        "nixpkgs": [
          "nixpkgs"
        ]
      },
      "locked": {
        "lastModified": 1781733627,
        "narHash": "sha256-U3yTuGBnmXvXoQI3qkpfEDsn9RovQPAjN7ndRco+3u0=",
        "owner": "cachix",
        "repo": "git-hooks.nix",
        "rev": "3bbec39bc90eadfa031e6f3b77272f3f60803e39",
        "type": "github"
      },
      "original": {
        "owner": "cachix",
        "repo": "git-hooks.nix",
        "type": "github"
      }
    },
    "gitignore": {
      "inputs": {
        "nixpkgs": [
          "gitHooksNix",
          "nixpkgs"
        ]
      },
      "locked": {
        "lastModified": 1709087332,
        "narHash": "sha256-HG2cCnktfHsKV0s4XW83gU3F57gaTljL9KNSuG6bnQs=",
        "owner": "hercules-ci",
        "repo": "gitignore.nix",
        "rev": "637db329424fd7e46cf4185293b9cc8c88c95394",
        "type": "github"
      },
      "original": {
        "owner": "hercules-ci",
        "repo": "gitignore.nix",
        "type": "github"
      }
    },
    "nixpkgs": {
      "locked": {
        "lastModified": 1781074563,
        "narHash": "sha256-md8WlXOlfnIeHeOScMTTHFyf2d6iaTwPl2apR5EQ3P4=",
        "owner": "NixOS",
        "repo": "nixpkgs",
        "rev": "9ae611a455b90cf061d8f332b977e387bda8e1ca",
        "type": "github"
      },
      "original": {
        "owner": "NixOS",
        "ref": "nixos-unstable",
        "repo": "nixpkgs",
        "type": "github"
      }
    },
    "nixpkgs-lib": {
      "locked": {
        "lastModified": 1777168982,
        "narHash": "sha256-GOkGPcboWE9BmGCRMLX3worL4EMnsnG8MyKmXNeYuhQ=",
        "owner": "nix-community",
        "repo": "nixpkgs.lib",
        "rev": "f5901329dade4a6ea039af1433fb087bd9c1fe14",
        "type": "github"
      },
      "original": {
        "owner": "nix-community",
        "repo": "nixpkgs.lib",
        "type": "github"
      }
    },
    "pyprojectBuildSystems": {
      "inputs": {
        "nixpkgs": [
          "nixpkgs"
        ],
        "pyproject-nix": [
          "pyprojectNix"
        ],
        "uv2nix": [
          "uv2nix"
        ]
      },
      "locked": {
        "lastModified": 1779676664,
        "narHash": "sha256-MbXylBTkWqVm8/VYjoULtMoVRgWBN1gSHbeRKsOsPlU=",
        "owner": "pyproject-nix",
        "repo": "build-system-pkgs",
        "rev": "7bff980f37fc24e09dbc986643719900c139bf12",
        "type": "github"
      },
      "original": {
        "owner": "pyproject-nix",
        "repo": "build-system-pkgs",
        "type": "github"
      }
    },
    "pyprojectNix": {
      "inputs": {
        "nixpkgs": [
          "nixpkgs"
        ]
      },
      "locked": {
        "lastModified": 1780416763,
        "narHash": "sha256-rRK3IFixgsrK6S3e14Xz9HAZm7+kMAIl3oi5zZlcwYI=",
        "owner": "pyproject-nix",
        "repo": "pyproject.nix",
        "rev": "ad83f1ead0e78e57b188f35cb57298affb06fc5f",
        "type": "github"
      },
      "original": {
        "owner": "pyproject-nix",
        "repo": "pyproject.nix",
        "type": "github"
      }
    },
    "root": {
      "inputs": {
        "bun2nix": "bun2nix",
        "flakeParts": "flakeParts",
        "gitHooksNix": "gitHooksNix",
        "nixpkgs": "nixpkgs",
        "pyprojectBuildSystems": "pyprojectBuildSystems",
        "pyprojectNix": "pyprojectNix",
        "treefmtNix": "treefmtNix",
        "uv2nix": "uv2nix",
        "wrapBuddy": "wrapBuddy"
      }
    },
    "systems": {
      "locked": {
        "lastModified": 1681028828,
        "narHash": "sha256-Vy1rq5AaRuLzOxct8nz4T6wlgyUR7zLU309k9mBC768=",
        "owner": "nix-systems",
        "repo": "default",
        "rev": "da67096a3b9bf56a91d16901293e51ba5b49a27e",
        "type": "github"
      },
      "original": {
        "owner": "nix-systems",
        "repo": "default",
        "type": "github"
      }
    },
    "treefmt-nix": {
      "inputs": {
        "nixpkgs": [
          "bun2nix",
          "nixpkgs"
        ]
      },
      "locked": {
        "lastModified": 1775636079,
        "narHash": "sha256-pc20NRoMdiar8oPQceQT47UUZMBTiMdUuWrYu2obUP0=",
        "owner": "numtide",
        "repo": "treefmt-nix",
        "rev": "790751ff7fd3801feeaf96d7dc416a8d581265ba",
        "type": "github"
      },
      "original": {
        "owner": "numtide",
        "repo": "treefmt-nix",
        "type": "github"
      }
    },
    "treefmtNix": {
      "inputs": {
        "nixpkgs": [
          "nixpkgs"
        ]
      },
      "locked": {
        "lastModified": 1780220602,
        "narHash": "sha256-eynAfOmbmxJnkp7YewvCEbShNnnYJ9gLLqkzsYtBPeM=",
        "owner": "numtide",
        "repo": "treefmt-nix",
        "rev": "db947814a175b7ca6ded66e21383d938df01c227",
        "type": "github"
      },
      "original": {
        "owner": "numtide",
        "repo": "treefmt-nix",
        "type": "github"
      }
    },
    "uv2nix": {
      "inputs": {
        "nixpkgs": [
          "nixpkgs"
        ],
        "pyproject-nix": [
          "pyprojectNix"
        ]
      },
      "locked": {
        "lastModified": 1781596548,
        "narHash": "sha256-dhc1zBhYJbafsflK31g5+P+iot/saZPa/nUpcRkZui0=",
        "owner": "pyproject-nix",
        "repo": "uv2nix",
        "rev": "ec7b3fd86a8add8c546192ad5d66dade40d21e48",
        "type": "github"
      },
      "original": {
        "owner": "pyproject-nix",
        "repo": "uv2nix",
        "type": "github"
      }
    },
    "wrapBuddy": {
      "inputs": {
        "flake-parts": [
          "flakeParts"
        ],
        "nixpkgs": [
          "nixpkgs"
        ],
        "treefmt-nix": [
          "treefmtNix"
        ]
      },
      "locked": {
        "lastModified": 1781475209,
        "narHash": "sha256-VlXT4gsEMAHdQ/Mvq123LCZxyShE2M30HGGzUGaUVB0=",
        "owner": "Mic92",
        "repo": "wrap-buddy",
        "rev": "07e5143042c2dd57f3efdfd0083f0a29beb1832a",
        "type": "github"
      },
      "original": {
        "owner": "Mic92",
        "repo": "wrap-buddy",
        "type": "github"
      }
    }
  },
  "root": "root",
  "version": 7
}
